
Microsoft Visual Studio Solution File, Format Version 12.00
# Visual Studio 2013
VisualStudioVersion = 12.0.30501.0
MinimumVisualStudioVersion = 10.0.40219.1
Project("{FAE04EC0-301F-11D3-BF4B-00C04F79EFBC}") = "RubeLoader", "win32\RubeLoader.csproj", "{A8FC0ECA-C1A5-4B50-967E-13F04F07EF1B}"
EndProject
Global
	GlobalSection(SolutionConfigurationPlatforms) = preSolution
		Debug|Any CPU = Debug|Any CPU
		Release|Any CPU = Release|Any CPU
	EndGlobalSection
	GlobalSection(ProjectConfigurationPlatforms) = postSolution
		{A8FC0ECA-C1A5-4B50-967E-13F04F07EF1B}.Debug|Any CPU.ActiveCfg = Debug|Any CPU
		{A8FC0ECA-C1A5-4B50-967E-13F04F07EF1B}.Debug|Any CPU.Build.0 = Debug|Any CPU
		{A8FC0ECA-C1A5-4B50-967E-13F04F07EF1B}.Release|Any CPU.ActiveCfg = Release|Any CPU
		{A8FC0ECA-C1A5-4B50-967E-13F04F07EF1B}.Release|Any CPU.Build.0 = Release|Any CPU
	EndGlobalSection
	GlobalSection(SolutionProperties) = preSolution
		HideSolutionNode = FALSE
	EndGlobalSection
EndGlobal
